
Microsoft Visual Studio Solution File, Format Version 12.00
# Visual Studio Version 16
VisualStudioVersion = 16.0.30413.136
MinimumVisualStudioVersion = 10.0.40219.1
Project("{FAE04EC0-301F-11D3-BF4B-00C04F79EFBC}") = "WindowsFormsApp3-lab8", "WindowsFormsApp3-lab8.csproj", "{D85F946A-8489-4342-BADA-407AF485E035}"
EndProject
Global
	GlobalSection(SolutionConfigurationPlatforms) = preSolution
		Debug|Any CPU = Debug|Any CPU
		Release|Any CPU = Release|Any CPU
	EndGlobalSection
	GlobalSection(ProjectConfigurationPlatforms) = postSolution
		{D85F946A-8489-4342-BADA-407AF485E035}.Debug|Any CPU.ActiveCfg = Debug|Any CPU
		{D85F946A-8489-4342-BADA-407AF485E035}.Debug|Any CPU.Build.0 = Debug|Any CPU
		{D85F946A-8489-4342-BADA-407AF485E035}.Release|Any CPU.ActiveCfg = Release|Any CPU
		{D85F946A-8489-4342-BADA-407AF485E035}.Release|Any CPU.Build.0 = Release|Any CPU
	EndGlobalSection
	GlobalSection(SolutionProperties) = preSolution
		HideSolutionNode = FALSE
	EndGlobalSection
	GlobalSection(ExtensibilityGlobals) = postSolution
		SolutionGuid = {682FBA2C-9DE6-4112-AE18-861831ACD63C}
	EndGlobalSection
EndGlobal
